PODS:
  - OpenSSL-Universal (1.0.2.17)
  - PsiphonTunnel (2.0.2)

DEPENDENCIES:
  - OpenSSL-Universal (= 1.0.2.17)
  - PsiphonTunnel (from `https://github.com/Psiphon-Labs/psiphon-tunnel-core-iOS-library.git`)

EXTERNAL SOURCES:
  PsiphonTunnel:
    :git: https://github.com/Psiphon-Labs/psiphon-tunnel-core-iOS-library.git

CHECKOUT OPTIONS:
  PsiphonTunnel:
    :commit: c9af3bab93637163e117de9d1e77435baa7646c0
    :git: https://github.com/Psiphon-Labs/psiphon-tunnel-core-iOS-library.git

SPEC CHECKSUMS:
  OpenSSL-Universal: ff04c2e6befc3f1247ae039e60c93f76345b3b5a
  PsiphonTunnel: 0c3f8677e4b26316beba57df78ed9c75634ce091

PODFILE CHECKSUM: a17e050a23b29cf7dab9ff0e4bce879f3d239fac

COCOAPODS: 1.4.0
